
Microsoft Visual Studio Solution File, Format Version 12.00
# Visual Studio 15
VisualStudioVersion = 15.0.28010.2046
MinimumVisualStudioVersion = 10.0.40219.1
Project("{FAE04EC0-301F-11D3-BF4B-00C04F79EFBC}") = "Dinner", "Dinner\Dinner.csproj", "{5325E179-8F2F-48E7-B3A2-EDC7B6E88136}"
EndProject
Project("{FAE04EC0-301F-11D3-BF4B-00C04F79EFBC}") = "Dinner.Tests", "Dinner.Tests\Dinner.Tests.csproj", "{FA3BB406-A785-4FEC-B836-AE92131E88A5}"
EndProject
Global
	GlobalSection(SolutionConfigurationPlatforms) = preSolution
		Debug|Any CPU = Debug|Any CPU
		Release|Any CPU = Release|Any CPU
	EndGlobalSection
	GlobalSection(ProjectConfigurationPlatforms) = postSolution
		{5325E179-8F2F-48E7-B3A2-EDC7B6E88136}.Debug|Any CPU.ActiveCfg = Debug|Any CPU
		{5325E179-8F2F-48E7-B3A2-EDC7B6E88136}.Debug|Any CPU.Build.0 = Debug|Any CPU
		{5325E179-8F2F-48E7-B3A2-EDC7B6E88136}.Release|Any CPU.ActiveCfg = Release|Any CPU
		{5325E179-8F2F-48E7-B3A2-EDC7B6E88136}.Release|Any CPU.Build.0 = Release|Any CPU
		{FA3BB406-A785-4FEC-B836-AE92131E88A5}.Debug|Any CPU.ActiveCfg = Debug|Any CPU
		{FA3BB406-A785-4FEC-B836-AE92131E88A5}.Debug|Any CPU.Build.0 = Debug|Any CPU
		{FA3BB406-A785-4FEC-B836-AE92131E88A5}.Release|Any CPU.ActiveCfg = Release|Any CPU
		{FA3BB406-A785-4FEC-B836-AE92131E88A5}.Release|Any CPU.Build.0 = Release|Any CPU
	EndGlobalSection
	GlobalSection(SolutionProperties) = preSolution
		HideSolutionNode = FALSE
	EndGlobalSection
	GlobalSection(ExtensibilityGlobals) = postSolution
		SolutionGuid = {945A5667-A85C-4008-B580-660D3DA5A1EB}
	EndGlobalSection
EndGlobal
